// !$*UTF8*$!
{
	archiveVersion = 1;
	classes = {
	};
	objectVersion = 55;
	objects = {

/* Begin PBXBuildFile section */
		8C4C647628035607006DC0EA /* AppDelegate.swift in Sources */ = {isa = PBXBuildFile; fileRef = 8C4C647528035607006DC0EA /* AppDelegate.swift */; };
		8C4C647828035607006DC0EA /* SceneDelegate.swift in Sources */ = {isa = PBXBuildFile; fileRef = 8C4C647728035607006DC0EA /* SceneDelegate.swift */; };
		8C4C647A28035607006DC0EA /* ViewController.swift in Sources */ = {isa = PBXBuildFile; fileRef = 8C4C647928035607006DC0EA /* ViewController.swift */; };
		8C4C647D28035607006DC0EA /* Main.storyboard in Resources */ = {isa = PBXBuildFile; fileRef = 8C4C647B28035607006DC0EA /* Main.storyboard */; };
		8C4C647F2803560D006DC0EA /* Assets.xcassets in Resources */ = {isa = PBXBuildFile; fileRef = 8C4C647E2803560D006DC0EA /* Assets.xcassets */; };
		8C4C64822803560D006DC0EA /* LaunchScreen.storyboard in Resources */ = {isa = PBXBuildFile; fileRef = 8C4C64802803560D006DC0EA /* LaunchScreen.storyboard */; };
		8C4C648A28035944006DC0EA /* CustomCollectionViewCell.swift in Sources */ = {isa = PBXBuildFile; fileRef = 8C4C648928035944006DC0EA /* CustomCollectionViewCell.swift */; };
		8C4C648C28035A0B006DC0EA /* Hero.swift in Sources */ = {isa = PBXBuildFile; fileRef = 8C4C648B28035A0B006DC0EA /* Hero.swift */; };
		8C4C648E28036A35006DC0EA /* NetworkManager.swift in Sources */ = {isa = PBXBuildFile; fileRef = 8C4C648D28036A35006DC0EA /* NetworkManager.swift */; };
/* End PBXBuildFile section */

/* Begin PBXFileReference section */
		8C4C647228035607006DC0EA /* DotaProject.app */ = {isa = PBXFileReference; explicitFileType = wrapper.application; includeInIndex = 0; path = DotaProject.app; sourceTree = BUILT_PRODUCTS_DIR; };
		8C4C647528035607006DC0EA /* AppDelegate.swift */ = {isa = PBXFileReference; lastKnownFileType = sourcecode.swift; path = AppDelegate.swift; sourceTree = "<group>"; };
		8C4C647728035607006DC0EA /* SceneDelegate.swift */ = {isa = PBXFileReference; lastKnownFileType = sourcecode.swift; path = SceneDelegate.swift; sourceTree = "<group>"; };
		8C4C647928035607006DC0EA /* ViewController.swift */ = {isa = PBXFileReference; lastKnownFileType = sourcecode.swift; path = ViewController.swift; sourceTree = "<group>"; };
		8C4C647C28035607006DC0EA /* Base */ = {isa = PBXFileReference; lastKnownFileType = file.storyboard; name = Base; path = Base.lproj/Main.storyboard; sourceTree = "<group>"; };
		8C4C647E2803560D006DC0EA /* Assets.xcassets */ = {isa = PBXFileReference; lastKnownFileType = folder.assetcatalog; path = Assets.xcassets; sourceTree = "<group>"; };
		8C4C64812803560D006DC0EA /* Base */ = {isa = PBXFileReference; lastKnownFileType = file.storyboard; name = Base; path = Base.lproj/LaunchScreen.storyboard; sourceTree = "<group>"; };
		8C4C64832803560D006DC0EA /* Info.plist */ = {isa = PBXFileReference; lastKnownFileType = text.plist.xml; path = Info.plist; sourceTree = "<group>"; };
		8C4C648928035944006DC0EA /* CustomCollectionViewCell.swift */ = {isa = PBXFileReference; lastKnownFileType = sourcecode.swift; path = CustomCollectionViewCell.swift; sourceTree = "<group>"; };
		8C4C648B28035A0B006DC0EA /* Hero.swift */ = {isa = PBXFileReference; lastKnownFileType = sourcecode.swift; path = Hero.swift; sourceTree = "<group>"; };
		8C4C648D28036A35006DC0EA /* NetworkManager.swift */ = {isa = PBXFileReference; lastKnownFileType = sourcecode.swift; path = NetworkManager.swift; sourceTree = "<group>"; };
/* End PBXFileReference section */

/* Begin PBXFrameworksBuildPhase section */
		8C4C646F28035607006DC0EA /* Frameworks */ = {
			isa = PBXFrameworksBuildPhase;
			buildActionMask = 2147483647;
			files = (
			);
			runOnlyForDeploymentPostprocessing = 0;
		};
/* End PBXFrameworksBuildPhase section */

/* Begin PBXGroup section */
		8C4C646928035607006DC0EA = {
			isa = PBXGroup;
			children = (
				8C4C647428035607006DC0EA /* DotaProject */,
				8C4C647328035607006DC0EA /* Products */,
			);
			sourceTree = "<group>";
		};
		8C4C647328035607006DC0EA /* Products */ = {
			isa = PBXGroup;
			children = (
				8C4C647228035607006DC0EA /* DotaProject.app */,
			);
			name = Products;
			sourceTree = "<group>";
		};
		8C4C647428035607006DC0EA /* DotaProject */ = {
			isa = PBXGroup;
			children = (
				8C4C649028036AED006DC0EA /* Models */,
				8C4C648F28036AE2006DC0EA /* Network */,
				8C4C649228036B28006DC0EA /* Controller */,
				8C4C649128036B15006DC0EA /* AppDelegate */,
				8C4C649328036B3A006DC0EA /* Storyboards */,
				8C4C647E2803560D006DC0EA /* Assets.xcassets */,
				8C4C64832803560D006DC0EA /* Info.plist */,
			);
			path = DotaProject;
			sourceTree = "<group>";
		};
		8C4C648F28036AE2006DC0EA /* Network */ = {
			isa = PBXGroup;
			children = (
				8C4C648D28036A35006DC0EA /* NetworkManager.swift */,
			);
			path = Network;
			sourceTree = "<group>";
		};
		8C4C649028036AED006DC0EA /* Models */ = {
			isa = PBXGroup;
			children = (
				8C4C648B28035A0B006DC0EA /* Hero.swift */,
			);
			path = Models;
			sourceTree = "<group>";
		};
		8C4C649128036B15006DC0EA /* AppDelegate */ = {
			isa = PBXGroup;
			children = (
				8C4C647528035607006DC0EA /* AppDelegate.swift */,
				8C4C647728035607006DC0EA /* SceneDelegate.swift */,
			);
			path = AppDelegate;
			sourceTree = "<group>";
		};
		8C4C649228036B28006DC0EA /* Controller */ = {
			isa = PBXGroup;
			children = (
				8C4C648928035944006DC0EA /* CustomCollectionViewCell.swift */,
				8C4C647928035607006DC0EA /* ViewController.swift */,
			);
			path = Controller;
			sourceTree = "<group>";
		};
		8C4C649328036B3A006DC0EA /* Storyboards */ = {
			isa = PBXGroup;
			children = (
				8C4C647B28035607006DC0EA /* Main.storyboard */,
				8C4C64802803560D006DC0EA /* LaunchScreen.storyboard */,
			);
			path = Storyboards;
			sourceTree = "<group>";
		};
/* End PBXGroup section */

/* Begin PBXNativeTarget section */
		8C4C647128035607006DC0EA /* DotaProject */ = {
			isa = PBXNativeTarget;
			buildConfigurationList = 8C4C64862803560D006DC0EA /* Build configuration list for PBXNativeTarget "DotaProject" */;
			buildPhases = (
				8C4C646E28035607006DC0EA /* Sources */,
				8C4C646F28035607006DC0EA /* Frameworks */,
				8C4C647028035607006DC0EA /* Resources */,
			);
			buildRules = (
			);
			dependencies = (
			);
			name = DotaProject;
			productName = DotaProject;
			productReference = 8C4C647228035607006DC0EA /* DotaProject.app */;
			productType = "com.apple.product-type.application";
		};
/* End PBXNativeTarget section */

/* Begin PBXProject section */
		8C4C646A28035607006DC0EA /* Project object */ = {
			isa = PBXProject;
			attributes = {
				BuildIndependentTargetsInParallel = 1;
				LastSwiftUpdateCheck = 1320;
				LastUpgradeCheck = 1320;
				TargetAttributes = {
					8C4C647128035607006DC0EA = {
						CreatedOnToolsVersion = 13.2.1;
					};
				};
			};
			buildConfigurationList = 8C4C646D28035607006DC0EA /* Build configuration list for PBXProject "DotaProject" */;
			compatibilityVersion = "Xcode 13.0";
			developmentRegion = en;
			hasScannedForEncodings = 0;
			knownRegions = (
				en,
				Base,
			);
			mainGroup = 8C4C646928035607006DC0EA;
			productRefGroup = 8C4C647328035607006DC0EA /* Products */;
			projectDirPath = "";
			projectRoot = "";
			targets = (
				8C4C647128035607006DC0EA /* DotaProject */,
			);
		};
/* End PBXProject section */

/* Begin PBXResourcesBuildPhase section */
		8C4C647028035607006DC0EA /* Resources */ = {
			isa = PBXResourcesBuildPhase;
			buildActionMask = 2147483647;
			files = (
				8C4C64822803560D006DC0EA /* LaunchScreen.storyboard in Resources */,
				8C4C647F2803560D006DC0EA /* Assets.xcassets in Resources */,
				8C4C647D28035607006DC0EA /* Main.storyboard in Resources */,
			);
			runOnlyForDeploymentPostprocessing = 0;
		};
/* End PBXResourcesBuildPhase section */

/* Begin PBXSourcesBuildPhase section */
		8C4C646E28035607006DC0EA /* Sources */ = {
			isa = PBXSourcesBuildPhase;
			buildActionMask = 2147483647;
			files = (
				8C4C648E28036A35006DC0EA /* NetworkManager.swift in Sources */,
				8C4C648C28035A0B006DC0EA /* Hero.swift in Sources */,
				8C4C647A28035607006DC0EA /* ViewController.swift in Sources */,
				8C4C647628035607006DC0EA /* AppDelegate.swift in Sources */,
				8C4C647828035607006DC0EA /* SceneDelegate.swift in Sources */,
				8C4C648A28035944006DC0EA /* CustomCollectionViewCell.swift in Sources */,
			);
			runOnlyForDeploymentPostprocessing = 0;
		};
/* End PBXSourcesBuildPhase section */

/* Begin PBXVariantGroup section */
		8C4C647B28035607006DC0EA /* Main.storyboard */ = {
			isa = PBXVariantGroup;
			children = (
				8C4C647C28035607006DC0EA /* Base */,
			);
			name = Main.storyboard;
			sourceTree = "<group>";
		};
		8C4C64802803560D006DC0EA /* LaunchScreen.storyboard */ = {
			isa = PBXVariantGroup;
			children = (
				8C4C64812803560D006DC0EA /* Base */,
			);
			name = LaunchScreen.storyboard;
			sourceTree = "<group>";
		};
/* End PBXVariantGroup section */

/* Begin XCBuildConfiguration section */
		8C4C64842803560D006DC0EA /* Debug */ = {
			isa = XCBuildConfiguration;
			buildSettings = {
				ALWAYS_SEARCH_USER_PATHS = NO;
				CLANG_ANALYZER_NONNULL = YES;
				CLANG_ANALYZER_NUMBER_OBJECT_CONVERSION = YES_AGGRESSIVE;
				CLANG_CXX_LANGUAGE_STANDARD = "gnu++17";
				CLANG_CXX_LIBRARY = "libc++";
				CLANG_ENABLE_MODULES = YES;
				CLANG_ENABLE_OBJC_ARC = YES;
				CLANG_ENABLE_OBJC_WEAK = YES;
				CLANG_WARN_BLOCK_CAPTURE_AUTORELEASING = YES;
				CLANG_WARN_BOOL_CONVERSION = YES;
				CLANG_WARN_COMMA = YES;
				CLANG_WARN_CONSTANT_CONVERSION = YES;
				CLANG_WARN_DEPRECATED_OBJC_IMPLEMENTATIONS = YES;
				CLANG_WARN_DIRECT_OBJC_ISA_USAGE = YES_ERROR;
				CLANG_WARN_DOCUMENTATION_COMMENTS = YES;
				CLANG_WARN_EMPTY_BODY = YES;
				CLANG_WARN_ENUM_CONVERSION = YES;
				CLANG_WARN_INFINITE_RECURSION = YES;
				CLANG_WARN_INT_CONVERSION = YES;
				CLANG_WARN_NON_LITERAL_NULL_CONVERSION = YES;
				CLANG_WARN_OBJC_IMPLICIT_RETAIN_SELF = YES;
				CLANG_WARN_OBJC_LITERAL_CONVERSION = YES;
				CLANG_WARN_OBJC_ROOT_CLASS = YES_ERROR;
				CLANG_WARN_QUOTED_INCLUDE_IN_FRAMEWORK_HEADER = YES;
				CLANG_WARN_RANGE_LOOP_ANALYSIS = YES;
				CLANG_WARN_STRICT_PROTOTYPES = YES;
				CLANG_WARN_SUSPICIOUS_MOVE = YES;
				CLANG_WARN_UNGUARDED_AVAILABILITY = YES_AGGRESSIVE;
				CLANG_WARN_UNREACHABLE_CODE = YES;
				CLANG_WARN__DUPLICATE_METHOD_MATCH = YES;
				COPY_PHASE_STRIP = NO;
				DEBUG_INFORMATION_FORMAT = dwarf;
				ENABLE_STRICT_OBJC_MSGSEND = YES;
				ENABLE_TESTABILITY = YES;
				GCC_C_LANGUAGE_STANDARD = gnu11;
				GCC_DYNAMIC_NO_PIC = NO;
				GCC_NO_COMMON_BLOCKS = YES;
				GCC_OPTIMIZATION_LEVEL = 0;
				GCC_PREPROCESSOR_DEFINITIONS = (
					"DEBUG=1",
					"$(inherited)",
				);
				GCC_WARN_64_TO_32_BIT_CONVERSION = YES;
				GCC_WARN_ABOUT_RETURN_TYPE = YES_ERROR;
				GCC_WARN_UNDECLARED_SELECTOR = YES;
				GCC_WARN_UNINITIALIZED_AUTOS = YES_AGGRESSIVE;
				GCC_WARN_UNUSED_FUNCTION = YES;
				GCC_WARN_UNUSED_VARIABLE = YES;
				IPHONEOS_DEPLOYMENT_TARGET = 15.2;
				MTL_ENABLE_DEBUG_INFO = INCLUDE_SOURCE;
				MTL_FAST_MATH = YES;
				ONLY_ACTIVE_ARCH = YES;
				SDKROOT = iphoneos;
				SWIFT_ACTIVE_COMPILATION_CONDITIONS = DEBUG;
				SWIFT_OPTIMIZATION_LEVEL = "-Onone";
			};
			name = Debug;
		};
		8C4C64852803560D006DC0EA /* Release */ = {
			isa = XCBuildConfiguration;
			buildSettings = {
				ALWAYS_SEARCH_USER_PATHS = NO;
				CLANG_ANALYZER_NONNULL = YES;
				CLANG_ANALYZER_NUMBER_OBJECT_CONVERSION = YES_AGGRESSIVE;
				CLANG_CXX_LANGUAGE_STANDARD = "gnu++17";
				CLANG_CXX_LIBRARY = "libc++";
				CLANG_ENABLE_MODULES = YES;
				CLANG_ENABLE_OBJC_ARC = YES;
				CLANG_ENABLE_OBJC_WEAK = YES;
				CLANG_WARN_BLOCK_CAPTURE_AUTORELEASING = YES;
				CLANG_WARN_BOOL_CONVERSION = YES;
				CLANG_WARN_COMMA = YES;
				CLANG_WARN_CONSTANT_CONVERSION = YES;
				CLANG_WARN_DEPRECATED_OBJC_IMPLEMENTATIONS = YES;
				CLANG_WARN_DIRECT_OBJC_ISA_USAGE = YES_ERROR;
				CLANG_WARN_DOCUMENTATION_COMMENTS = YES;
				CLANG_WARN_EMPTY_BODY = YES;
				CLANG_WARN_ENUM_CONVERSION = YES;
				CLANG_WARN_INFINITE_RECURSION = YES;
				CLANG_WARN_INT_CONVERSION = YES;
				CLANG_WARN_NON_LITERAL_NULL_CONVERSION = YES;
				CLANG_WARN_OBJC_IMPLICIT_RETAIN_SELF = YES;
				CLANG_WARN_OBJC_LITERAL_CONVERSION = YES;
				CLANG_WARN_OBJC_ROOT_CLASS = YES_ERROR;
				CLANG_WARN_QUOTED_INCLUDE_IN_FRAMEWORK_HEADER = YES;
				CLANG_WARN_RANGE_LOOP_ANALYSIS = YES;
				CLANG_WARN_STRICT_PROTOTYPES = YES;
				CLANG_WARN_SUSPICIOUS_MOVE = YES;
				CLANG_WARN_UNGUARDED_AVAILABILITY = YES_AGGRESSIVE;
				CLANG_WARN_UNREACHABLE_CODE = YES;
				CLANG_WARN__DUPLICATE_METHOD_MATCH = YES;
				COPY_PHASE_STRIP = NO;
				DEBUG_INFORMATION_FORMAT = "dwarf-with-dsym";
				ENABLE_NS_ASSERTIONS = NO;
				ENABLE_STRICT_OBJC_MSGSEND = YES;
				GCC_C_LANGUAGE_STANDARD = gnu11;
				GCC_NO_COMMON_BLOCKS = YES;
				GCC_WARN_64_TO_32_BIT_CONVERSION = YES;
				GCC_WARN_ABOUT_RETURN_TYPE = YES_ERROR;
				GCC_WARN_UNDECLARED_SELECTOR = YES;
				GCC_WARN_UNINITIALIZED_AUTOS = YES_AGGRESSIVE;
				GCC_WARN_UNUSED_FUNCTION = YES;
				GCC_WARN_UNUSED_VARIABLE = YES;
				IPHONEOS_DEPLOYMENT_TARGET = 15.2;
				MTL_ENABLE_DEBUG_INFO = NO;
				MTL_FAST_MATH = YES;
				SDKROOT = iphoneos;
				SWIFT_COMPILATION_MODE = wholemodule;
				SWIFT_OPTIMIZATION_LEVEL = "-O";
				VALIDATE_PRODUCT = YES;
			};
			name = Release;
		};
		8C4C64872803560D006DC0EA /* Debug */ = {
			isa = XCBuildConfiguration;
			buildSettings = {
				ASSETCATALOG_COMPILER_APPICON_NAME = AppIcon;
				ASSETCATALOG_COMPILER_GLOBAL_ACCENT_COLOR_NAME = AccentColor;
				CODE_SIGN_STYLE = Automatic;
				CURRENT_PROJECT_VERSION = 1;
				DEVELOPMENT_TEAM = R4JW3YK935;
				GENERATE_INFOPLIST_FILE = YES;
				INFOPLIST_FILE = DotaProject/Info.plist;
				INFOPLIST_KEY_UIApplicationSupportsIndirectInputEvents = YES;
				INFOPLIST_KEY_UILaunchStoryboardName = LaunchScreen;
				INFOPLIST_KEY_UIMainStoryboardFile = Main;
				INFOPLIST_KEY_UISupportedInterfaceOrientations_iPad = "UIInterfaceOrientationPortrait UIInterfaceOrientationPortraitUpsideDown UIInterfaceOrientationLandscapeLeft UIInterfaceOrientationLandscapeRight";
				INFOPLIST_KEY_UISupportedInterfaceOrientations_iPhone = "UIInterfaceOrientationPortrait UIInterfaceOrientationLandscapeLeft UIInterfaceOrientationLandscapeRight";
				LD_RUNPATH_SEARCH_PATHS = (
					"$(inherited)",
					"@executable_path/Frameworks",
				);
				MARKETING_VERSION = 1.0;
				PRODUCT_BUNDLE_IDENTIFIER = "Eugenia-Anikina.DotaProject";
				PRODUCT_NAME = "$(TARGET_NAME)";
				SWIFT_EMIT_LOC_STRINGS = YES;
				SWIFT_VERSION = 5.0;
				TARGETED_DEVICE_FAMILY = "1,2";
			};
			name = Debug;
		};
		8C4C64882803560D006DC0EA /* Release */ = {
			isa = XCBuildConfiguration;
			buildSettings = {
				ASSETCATALOG_COMPILER_APPICON_NAME = AppIcon;
				ASSETCATALOG_COMPILER_GLOBAL_ACCENT_COLOR_NAME = AccentColor;
				CODE_SIGN_STYLE = Automatic;
				CURRENT_PROJECT_VERSION = 1;
				DEVELOPMENT_TEAM = R4JW3YK935;
				GENERATE_INFOPLIST_FILE = YES;
				INFOPLIST_FILE = DotaProject/Info.plist;
				INFOPLIST_KEY_UIApplicationSupportsIndirectInputEvents = YES;
				INFOPLIST_KEY_UILaunchStoryboardName = LaunchScreen;
				INFOPLIST_KEY_UIMainStoryboardFile = Main;
				INFOPLIST_KEY_UISupportedInterfaceOrientations_iPad = "UIInterfaceOrientationPortrait UIInterfaceOrientationPortraitUpsideDown UIInterfaceOrientationLandscapeLeft UIInterfaceOrientationLandscapeRight";
				INFOPLIST_KEY_UISupportedInterfaceOrientations_iPhone = "UIInterfaceOrientationPortrait UIInterfaceOrientationLandscapeLeft UIInterfaceOrientationLandscapeRight";
				LD_RUNPATH_SEARCH_PATHS = (
					"$(inherited)",
					"@executable_path/Frameworks",
				);
				MARKETING_VERSION = 1.0;
				PRODUCT_BUNDLE_IDENTIFIER = "Eugenia-Anikina.DotaProject";
				PRODUCT_NAME = "$(TARGET_NAME)";
				SWIFT_EMIT_LOC_STRINGS = YES;
				SWIFT_VERSION = 5.0;
				TARGETED_DEVICE_FAMILY = "1,2";
			};
			name = Release;
		};
/* End XCBuildConfiguration section */

/* Begin XCConfigurationList section */
		8C4C646D28035607006DC0EA /* Build configuration list for PBXProject "DotaProject" */ = {
			isa = XCConfigurationList;
			buildConfigurations = (
				8C4C64842803560D006DC0EA /* Debug */,
				8C4C64852803560D006DC0EA /* Release */,
			);
			defaultConfigurationIsVisible = 0;
			defaultConfigurationName = Release;
		};
		8C4C64862803560D006DC0EA /* Build configuration list for PBXNativeTarget "DotaProject" */ = {
			isa = XCConfigurationList;
			buildConfigurations = (
				8C4C64872803560D006DC0EA /* Debug */,
				8C4C64882803560D006DC0EA /* Release */,
			);
			defaultConfigurationIsVisible = 0;
			defaultConfigurationName = Release;
		};
/* End XCConfigurationList section */
	};
	rootObject = 8C4C646A28035607006DC0EA /* Project object */;
}
